
Microsoft Visual Studio Solution File, Format Version 12.00
# Visual Studio 15
VisualStudioVersion = 15.0.26403.7
MinimumVisualStudioVersion = 10.0.40219.1
Project("{FAE04EC0-301F-11D3-BF4B-00C04F79EFBC}") = "Volo.IdentityServer.Web", "Volo.IdentityServer.Web\Volo.IdentityServer.Web.csproj", "{F02FC5BF-6EB3-4AFC-9736-71B6120CB3FE}"
EndProject
Project("{FAE04EC0-301F-11D3-BF4B-00C04F79EFBC}") = "Volo.IdentityServer.Data", "Volo.IdentityServer.Data\Volo.IdentityServer.Data.csproj", "{34B4410D-5050-4198-8884-B2152C1E4F33}"
EndProject
Global
	GlobalSection(SolutionConfigurationPlatforms) = preSolution
		Debug|Any CPU = Debug|Any CPU
		Release|Any CPU = Release|Any CPU
	EndGlobalSection
	GlobalSection(ProjectConfigurationPlatforms) = postSolution
		{F02FC5BF-6EB3-4AFC-9736-71B6120CB3FE}.Debug|Any CPU.ActiveCfg = Debug|Any CPU
		{F02FC5BF-6EB3-4AFC-9736-71B6120CB3FE}.Debug|Any CPU.Build.0 = Debug|Any CPU
		{F02FC5BF-6EB3-4AFC-9736-71B6120CB3FE}.Release|Any CPU.ActiveCfg = Release|Any CPU
		{F02FC5BF-6EB3-4AFC-9736-71B6120CB3FE}.Release|Any CPU.Build.0 = Release|Any CPU
		{34B4410D-5050-4198-8884-B2152C1E4F33}.Debug|Any CPU.ActiveCfg = Debug|Any CPU
		{34B4410D-5050-4198-8884-B2152C1E4F33}.Debug|Any CPU.Build.0 = Debug|Any CPU
		{34B4410D-5050-4198-8884-B2152C1E4F33}.Release|Any CPU.ActiveCfg = Release|Any CPU
		{34B4410D-5050-4198-8884-B2152C1E4F33}.Release|Any CPU.Build.0 = Release|Any CPU
	EndGlobalSection
	GlobalSection(SolutionProperties) = preSolution
		HideSolutionNode = FALSE
	EndGlobalSection
EndGlobal
